
Microsoft Visual Studio Solution File, Format Version 12.00
# Visual Studio Version 16
VisualStudioVersion = 16.0.32228.343
MinimumVisualStudioVersion = 10.0.40219.1
Project("{FAE04EC0-301F-11D3-BF4B-00C04F79EFBC}") = "SocialMediaApp", "SocialMediaApp\SocialMediaApp.csproj", "{D75CA3C2-6198-4987-83DF-4F1ED798C34E}"
EndProject
Global
	GlobalSection(SolutionConfigurationPlatforms) = preSolution
		Debug|Any CPU = Debug|Any CPU
		Release|Any CPU = Release|Any CPU
	EndGlobalSection
	GlobalSection(ProjectConfigurationPlatforms) = postSolution
		{D75CA3C2-6198-4987-83DF-4F1ED798C34E}.Debug|Any CPU.ActiveCfg = Debug|Any CPU
		{D75CA3C2-6198-4987-83DF-4F1ED798C34E}.Debug|Any CPU.Build.0 = Debug|Any CPU
		{D75CA3C2-6198-4987-83DF-4F1ED798C34E}.Release|Any CPU.ActiveCfg = Release|Any CPU
		{D75CA3C2-6198-4987-83DF-4F1ED798C34E}.Release|Any CPU.Build.0 = Release|Any CPU
	EndGlobalSection
	GlobalSection(SolutionProperties) = preSolution
		HideSolutionNode = FALSE
	EndGlobalSection
	GlobalSection(ExtensibilityGlobals) = postSolution
		SolutionGuid = {C6A79DCF-4186-4D16-A43A-018626CAEFB9}
	EndGlobalSection
EndGlobal
